
Microsoft Visual Studio Solution File, Format Version 12.00
# Visual Studio Version 17
VisualStudioVersion = 17.11.35219.272
MinimumVisualStudioVersion = 10.0.40219.1
Project("{FAE04EC0-301F-11D3-BF4B-00C04F79EFBC}") = "GestionReservation", "GestionReservation\GestionReservation.csproj", "{3C335696-0E63-4686-BDEB-D1A29810EF79}"
EndProject
Global
	GlobalSection(SolutionConfigurationPlatforms) = preSolution
		Debug|Any CPU = Debug|Any CPU
		Release|Any CPU = Release|Any CPU
	EndGlobalSection
	GlobalSection(ProjectConfigurationPlatforms) = postSolution
		{3C335696-0E63-4686-BDEB-D1A29810EF79}.Debug|Any CPU.ActiveCfg = Debug|Any CPU
		{3C335696-0E63-4686-BDEB-D1A29810EF79}.Debug|Any CPU.Build.0 = Debug|Any CPU
		{3C335696-0E63-4686-BDEB-D1A29810EF79}.Release|Any CPU.ActiveCfg = Release|Any CPU
		{3C335696-0E63-4686-BDEB-D1A29810EF79}.Release|Any CPU.Build.0 = Release|Any CPU
	EndGlobalSection
	GlobalSection(SolutionProperties) = preSolution
		HideSolutionNode = FALSE
	EndGlobalSection
	GlobalSection(ExtensibilityGlobals) = postSolution
		SolutionGuid = {35F4D300-B8C7-442F-8BF2-7420C568EE30}
	EndGlobalSection
EndGlobal
